
Microsoft Visual Studio Solution File, Format Version 12.00
# Visual Studio Version 17
VisualStudioVersion = 17.11.35222.181
MinimumVisualStudioVersion = 10.0.40219.1
Project("{888888A0-9F3D-457C-B088-3A5042F75D52}") = "Algorithm Visualiser", "Algorithm Visualiser.pyproj", "{4EBDD78A-8718-498C-AA8C-54880DD811BE}"
EndProject
Global
	GlobalSection(SolutionConfigurationPlatforms) = preSolution
		Debug|Any CPU = Debug|Any CPU
		Release|Any CPU = Release|Any CPU
	EndGlobalSection
	GlobalSection(ProjectConfigurationPlatforms) = postSolution
		{4EBDD78A-8718-498C-AA8C-54880DD811BE}.Debug|Any CPU.ActiveCfg = Debug|Any CPU
		{4EBDD78A-8718-498C-AA8C-54880DD811BE}.Release|Any CPU.ActiveCfg = Release|Any CPU
	EndGlobalSection
	GlobalSection(SolutionProperties) = preSolution
		HideSolutionNode = FALSE
	EndGlobalSection
	GlobalSection(ExtensibilityGlobals) = postSolution
		SolutionGuid = {5F42C9B7-DE96-4738-9433-F0454A0DB99B}
	EndGlobalSection
EndGlobal
